// !$*UTF8*$!
{
	archiveVersion = 1;
	classes = {
	};
	objectVersion = 50;
	objects = {

/* Begin PBXBuildFile section */
		091E9CE6261B658100C99735 /* TheVeganMealsApp.swift in Sources */ = {isa = PBXBuildFile; fileRef = 091E9CE5261B658100C99735 /* TheVeganMealsApp.swift */; };
		091E9CE8261B658100C99735 /* ContentView.swift in Sources */ = {isa = PBXBuildFile; fileRef = 091E9CE7261B658100C99735 /* ContentView.swift */; };
		091E9CEA261B658500C99735 /* Assets.xcassets in Resources */ = {isa = PBXBuildFile; fileRef = 091E9CE9261B658500C99735 /* Assets.xcassets */; };
		091E9CED261B658500C99735 /* Preview Assets.xcassets in Resources */ = {isa = PBXBuildFile; fileRef = 091E9CEC261B658500C99735 /* Preview Assets.xcassets */; };
		091E9CF8261B66E300C99735 /* .swiftlint.yml in Resources */ = {isa = PBXBuildFile; fileRef = 091E9CF7261B66E300C99735 /* .swiftlint.yml */; };
/* End PBXBuildFile section */

/* Begin PBXFileReference section */
		091E9CE2261B658100C99735 /* TheVeganMeals.app */ = {isa = PBXFileReference; explicitFileType = wrapper.application; includeInIndex = 0; path = TheVeganMeals.app; sourceTree = BUILT_PRODUCTS_DIR; };
		091E9CE5261B658100C99735 /* TheVeganMealsApp.swift */ = {isa = PBXFileReference; lastKnownFileType = sourcecode.swift; path = TheVeganMealsApp.swift; sourceTree = "<group>"; };
		091E9CE7261B658100C99735 /* ContentView.swift */ = {isa = PBXFileReference; lastKnownFileType = sourcecode.swift; path = ContentView.swift; sourceTree = "<group>"; };
		091E9CE9261B658500C99735 /* Assets.xcassets */ = {isa = PBXFileReference; lastKnownFileType = folder.assetcatalog; path = Assets.xcassets; sourceTree = "<group>"; };
		091E9CEC261B658500C99735 /* Preview Assets.xcassets */ = {isa = PBXFileReference; lastKnownFileType = folder.assetcatalog; path = "Preview Assets.xcassets"; sourceTree = "<group>"; };
		091E9CEE261B658500C99735 /* Info.plist */ = {isa = PBXFileReference; lastKnownFileType = text.plist.xml; path = Info.plist; sourceTree = "<group>"; };
		091E9CF7261B66E300C99735 /* .swiftlint.yml */ = {isa = PBXFileReference; lastKnownFileType = text.yaml; path = .swiftlint.yml; sourceTree = "<group>"; };
/* End PBXFileReference section */

/* Begin PBXFrameworksBuildPhase section */
		091E9CDF261B658100C99735 /* Frameworks */ = {
			isa = PBXFrameworksBuildPhase;
			buildActionMask = 2147483647;
			files = (
			);
			runOnlyForDeploymentPostprocessing = 0;
		};
/* End PBXFrameworksBuildPhase section */

/* Begin PBXGroup section */
		091E9CD9261B658100C99735 = {
			isa = PBXGroup;
			children = (
				091E9CF7261B66E300C99735 /* .swiftlint.yml */,
				091E9CE4261B658100C99735 /* TheVeganMeals */,
				091E9CE3261B658100C99735 /* Products */,
			);
			sourceTree = "<group>";
		};
		091E9CE3261B658100C99735 /* Products */ = {
			isa = PBXGroup;
			children = (
				091E9CE2261B658100C99735 /* TheVeganMeals.app */,
			);
			name = Products;
			sourceTree = "<group>";
		};
		091E9CE4261B658100C99735 /* TheVeganMeals */ = {
			isa = PBXGroup;
			children = (
				091E9CFB261B679400C99735 /* App */,
				091E9CFD261B69CB00C99735 /* Core */,
				091E9CFE261B69D800C99735 /* Module */,
				091E9CEB261B658500C99735 /* Preview Content */,
				091E9CFC261B67E600C99735 /* Supporting Files */,
			);
			path = TheVeganMeals;
			sourceTree = "<group>";
		};
		091E9CEB261B658500C99735 /* Preview Content */ = {
			isa = PBXGroup;
			children = (
				091E9CEC261B658500C99735 /* Preview Assets.xcassets */,
			);
			path = "Preview Content";
			sourceTree = "<group>";
		};
		091E9CFB261B679400C99735 /* App */ = {
			isa = PBXGroup;
			children = (
				091E9CE5261B658100C99735 /* TheVeganMealsApp.swift */,
				091E9CE7261B658100C99735 /* ContentView.swift */,
			);
			path = App;
			sourceTree = "<group>";
		};
		091E9CFC261B67E600C99735 /* Supporting Files */ = {
			isa = PBXGroup;
			children = (
				091E9CE9261B658500C99735 /* Assets.xcassets */,
				091E9CEE261B658500C99735 /* Info.plist */,
			);
			path = "Supporting Files";
			sourceTree = "<group>";
		};
		091E9CFD261B69CB00C99735 /* Core */ = {
			isa = PBXGroup;
			children = (
				091E9D02261B6A2A00C99735 /* Utils */,
				091E9D01261B6A2000C99735 /* Domain */,
				091E9D00261B6A1700C99735 /* DI */,
				091E9CFF261B6A0E00C99735 /* Data */,
			);
			path = Core;
			sourceTree = "<group>";
		};
		091E9CFE261B69D800C99735 /* Module */ = {
			isa = PBXGroup;
			children = (
			);
			path = Module;
			sourceTree = "<group>";
		};
		091E9CFF261B6A0E00C99735 /* Data */ = {
			isa = PBXGroup;
			children = (
			);
			path = Data;
			sourceTree = "<group>";
		};
		091E9D00261B6A1700C99735 /* DI */ = {
			isa = PBXGroup;
			children = (
			);
			path = DI;
			sourceTree = "<group>";
		};
		091E9D01261B6A2000C99735 /* Domain */ = {
			isa = PBXGroup;
			children = (
			);
			path = Domain;
			sourceTree = "<group>";
		};
		091E9D02261B6A2A00C99735 /* Utils */ = {
			isa = PBXGroup;
			children = (
			);
			path = Utils;
			sourceTree = "<group>";
		};
/* End PBXGroup section */

/* Begin PBXNativeTarget section */
		091E9CE1261B658100C99735 /* TheVeganMeals */ = {
			isa = PBXNativeTarget;
			buildConfigurationList = 091E9CF1261B658500C99735 /* Build configuration list for PBXNativeTarget "TheVeganMeals" */;
			buildPhases = (
				091E9CDE261B658100C99735 /* Sources */,
				091E9CDF261B658100C99735 /* Frameworks */,
				091E9CE0261B658100C99735 /* Resources */,
				091E9CF5261B666600C99735 /* ShellScript */,
			);
			buildRules = (
			);
			dependencies = (
			);
			name = TheVeganMeals;
			productName = TheVeganMeals;
			productReference = 091E9CE2261B658100C99735 /* TheVeganMeals.app */;
			productType = "com.apple.product-type.application";
		};
/* End PBXNativeTarget section */

/* Begin PBXProject section */
		091E9CDA261B658100C99735 /* Project object */ = {
			isa = PBXProject;
			attributes = {
				LastSwiftUpdateCheck = 1240;
				LastUpgradeCheck = 1240;
				TargetAttributes = {
					091E9CE1261B658100C99735 = {
						CreatedOnToolsVersion = 12.4;
					};
				};
			};
			buildConfigurationList = 091E9CDD261B658100C99735 /* Build configuration list for PBXProject "TheVeganMeals" */;
			compatibilityVersion = "Xcode 9.3";
			developmentRegion = en;
			hasScannedForEncodings = 0;
			knownRegions = (
				en,
				Base,
			);
			mainGroup = 091E9CD9261B658100C99735;
			productRefGroup = 091E9CE3261B658100C99735 /* Products */;
			projectDirPath = "";
			projectRoot = "";
			targets = (
				091E9CE1261B658100C99735 /* TheVeganMeals */,
			);
		};
/* End PBXProject section */

/* Begin PBXResourcesBuildPhase section */
		091E9CE0261B658100C99735 /* Resources */ = {
			isa = PBXResourcesBuildPhase;
			buildActionMask = 2147483647;
			files = (
				091E9CF8261B66E300C99735 /* .swiftlint.yml in Resources */,
				091E9CED261B658500C99735 /* Preview Assets.xcassets in Resources */,
				091E9CEA261B658500C99735 /* Assets.xcassets in Resources */,
			);
			runOnlyForDeploymentPostprocessing = 0;
		};
/* End PBXResourcesBuildPhase section */

/* Begin PBXShellScriptBuildPhase section */
		091E9CF5261B666600C99735 /* ShellScript */ = {
			isa = PBXShellScriptBuildPhase;
			buildActionMask = 2147483647;
			files = (
			);
			inputFileListPaths = (
			);
			inputPaths = (
			);
			outputFileListPaths = (
			);
			outputPaths = (
			);
			runOnlyForDeploymentPostprocessing = 0;
			shellPath = /bin/sh;
			shellScript = "# Type a script or drag a script file from your workspace to insert its path.\nif which swiftlint >/dev/null; then \n    swiftlint \nelse \n    echo \"warning: SwiftLint not installed, download from https://github.com/realm/SwiftLint\" \nfi\U0010\n";
		};
/* End PBXShellScriptBuildPhase section */

/* Begin PBXSourcesBuildPhase section */
		091E9CDE261B658100C99735 /* Sources */ = {
			isa = PBXSourcesBuildPhase;
			buildActionMask = 2147483647;
			files = (
				091E9CE8261B658100C99735 /* ContentView.swift in Sources */,
				091E9CE6261B658100C99735 /* TheVeganMealsApp.swift in Sources */,
			);
			runOnlyForDeploymentPostprocessing = 0;
		};
/* End PBXSourcesBuildPhase section */

/* Begin XCBuildConfiguration section */
		091E9CEF261B658500C99735 /* Debug */ = {
			isa = XCBuildConfiguration;
			buildSettings = {
				ALWAYS_SEARCH_USER_PATHS = NO;
				CLANG_ANALYZER_NONNULL = YES;
				CLANG_ANALYZER_NUMBER_OBJECT_CONVERSION = YES_AGGRESSIVE;
				CLANG_CXX_LANGUAGE_STANDARD = "gnu++14";
				CLANG_CXX_LIBRARY = "libc++";
				CLANG_ENABLE_MODULES = YES;
				CLANG_ENABLE_OBJC_ARC = YES;
				CLANG_ENABLE_OBJC_WEAK = YES;
				CLANG_WARN_BLOCK_CAPTURE_AUTORELEASING = YES;
				CLANG_WARN_BOOL_CONVERSION = YES;
				CLANG_WARN_COMMA = YES;
				CLANG_WARN_CONSTANT_CONVERSION = YES;
				CLANG_WARN_DEPRECATED_OBJC_IMPLEMENTATIONS = YES;
				CLANG_WARN_DIRECT_OBJC_ISA_USAGE = YES_ERROR;
				CLANG_WARN_DOCUMENTATION_COMMENTS = YES;
				CLANG_WARN_EMPTY_BODY = YES;
				CLANG_WARN_ENUM_CONVERSION = YES;
				CLANG_WARN_INFINITE_RECURSION = YES;
				CLANG_WARN_INT_CONVERSION = YES;
				CLANG_WARN_NON_LITERAL_NULL_CONVERSION = YES;
				CLANG_WARN_OBJC_IMPLICIT_RETAIN_SELF = YES;
				CLANG_WARN_OBJC_LITERAL_CONVERSION = YES;
				CLANG_WARN_OBJC_ROOT_CLASS = YES_ERROR;
				CLANG_WARN_QUOTED_INCLUDE_IN_FRAMEWORK_HEADER = YES;
				CLANG_WARN_RANGE_LOOP_ANALYSIS = YES;
				CLANG_WARN_STRICT_PROTOTYPES = YES;
				CLANG_WARN_SUSPICIOUS_MOVE = YES;
				CLANG_WARN_UNGUARDED_AVAILABILITY = YES_AGGRESSIVE;
				CLANG_WARN_UNREACHABLE_CODE = YES;
				CLANG_WARN__DUPLICATE_METHOD_MATCH = YES;
				COPY_PHASE_STRIP = NO;
				DEBUG_INFORMATION_FORMAT = dwarf;
				ENABLE_STRICT_OBJC_MSGSEND = YES;
				ENABLE_TESTABILITY = YES;
				GCC_C_LANGUAGE_STANDARD = gnu11;
				GCC_DYNAMIC_NO_PIC = NO;
				GCC_NO_COMMON_BLOCKS = YES;
				GCC_OPTIMIZATION_LEVEL = 0;
				GCC_PREPROCESSOR_DEFINITIONS = (
					"DEBUG=1",
					"$(inherited)",
				);
				GCC_WARN_64_TO_32_BIT_CONVERSION = YES;
				GCC_WARN_ABOUT_RETURN_TYPE = YES_ERROR;
				GCC_WARN_UNDECLARED_SELECTOR = YES;
				GCC_WARN_UNINITIALIZED_AUTOS = YES_AGGRESSIVE;
				GCC_WARN_UNUSED_FUNCTION = YES;
				GCC_WARN_UNUSED_VARIABLE = YES;
				IPHONEOS_DEPLOYMENT_TARGET = 14.4;
				MTL_ENABLE_DEBUG_INFO = INCLUDE_SOURCE;
				MTL_FAST_MATH = YES;
				ONLY_ACTIVE_ARCH = YES;
				SDKROOT = iphoneos;
				SWIFT_ACTIVE_COMPILATION_CONDITIONS = DEBUG;
				SWIFT_OPTIMIZATION_LEVEL = "-Onone";
			};
			name = Debug;
		};
		091E9CF0261B658500C99735 /* Release */ = {
			isa = XCBuildConfiguration;
			buildSettings = {
				ALWAYS_SEARCH_USER_PATHS = NO;
				CLANG_ANALYZER_NONNULL = YES;
				CLANG_ANALYZER_NUMBER_OBJECT_CONVERSION = YES_AGGRESSIVE;
				CLANG_CXX_LANGUAGE_STANDARD = "gnu++14";
				CLANG_CXX_LIBRARY = "libc++";
				CLANG_ENABLE_MODULES = YES;
				CLANG_ENABLE_OBJC_ARC = YES;
				CLANG_ENABLE_OBJC_WEAK = YES;
				CLANG_WARN_BLOCK_CAPTURE_AUTORELEASING = YES;
				CLANG_WARN_BOOL_CONVERSION = YES;
				CLANG_WARN_COMMA = YES;
				CLANG_WARN_CONSTANT_CONVERSION = YES;
				CLANG_WARN_DEPRECATED_OBJC_IMPLEMENTATIONS = YES;
				CLANG_WARN_DIRECT_OBJC_ISA_USAGE = YES_ERROR;
				CLANG_WARN_DOCUMENTATION_COMMENTS = YES;
				CLANG_WARN_EMPTY_BODY = YES;
				CLANG_WARN_ENUM_CONVERSION = YES;
				CLANG_WARN_INFINITE_RECURSION = YES;
				CLANG_WARN_INT_CONVERSION = YES;
				CLANG_WARN_NON_LITERAL_NULL_CONVERSION = YES;
				CLANG_WARN_OBJC_IMPLICIT_RETAIN_SELF = YES;
				CLANG_WARN_OBJC_LITERAL_CONVERSION = YES;
				CLANG_WARN_OBJC_ROOT_CLASS = YES_ERROR;
				CLANG_WARN_QUOTED_INCLUDE_IN_FRAMEWORK_HEADER = YES;
				CLANG_WARN_RANGE_LOOP_ANALYSIS = YES;
				CLANG_WARN_STRICT_PROTOTYPES = YES;
				CLANG_WARN_SUSPICIOUS_MOVE = YES;
				CLANG_WARN_UNGUARDED_AVAILABILITY = YES_AGGRESSIVE;
				CLANG_WARN_UNREACHABLE_CODE = YES;
				CLANG_WARN__DUPLICATE_METHOD_MATCH = YES;
				COPY_PHASE_STRIP = NO;
				DEBUG_INFORMATION_FORMAT = "dwarf-with-dsym";
				ENABLE_NS_ASSERTIONS = NO;
				ENABLE_STRICT_OBJC_MSGSEND = YES;
				GCC_C_LANGUAGE_STANDARD = gnu11;
				GCC_NO_COMMON_BLOCKS = YES;
				GCC_WARN_64_TO_32_BIT_CONVERSION = YES;
				GCC_WARN_ABOUT_RETURN_TYPE = YES_ERROR;
				GCC_WARN_UNDECLARED_SELECTOR = YES;
				GCC_WARN_UNINITIALIZED_AUTOS = YES_AGGRESSIVE;
				GCC_WARN_UNUSED_FUNCTION = YES;
				GCC_WARN_UNUSED_VARIABLE = YES;
				IPHONEOS_DEPLOYMENT_TARGET = 14.4;
				MTL_ENABLE_DEBUG_INFO = NO;
				MTL_FAST_MATH = YES;
				SDKROOT = iphoneos;
				SWIFT_COMPILATION_MODE = wholemodule;
				SWIFT_OPTIMIZATION_LEVEL = "-O";
				VALIDATE_PRODUCT = YES;
			};
			name = Release;
		};
		091E9CF2261B658500C99735 /* Debug */ = {
			isa = XCBuildConfiguration;
			buildSettings = {
				ASSETCATALOG_COMPILER_APPICON_NAME = AppIcon;
				ASSETCATALOG_COMPILER_GLOBAL_ACCENT_COLOR_NAME = AccentColor;
				CODE_SIGN_STYLE = Automatic;
				DEVELOPMENT_ASSET_PATHS = "\"TheVeganMeals/Preview Content\"";
				DEVELOPMENT_TEAM = KT275Q2Y5T;
				ENABLE_PREVIEWS = YES;
				INFOPLIST_FILE = TheVeganMeals/Info.plist;
				IPHONEOS_DEPLOYMENT_TARGET = 14.0;
				LD_RUNPATH_SEARCH_PATHS = (
					"$(inherited)",
					"@executable_path/Frameworks",
				);
				PRODUCT_BUNDLE_IDENTIFIER = dev.kokikoding.TheVeganMeals;
				PRODUCT_NAME = "$(TARGET_NAME)";
				SWIFT_VERSION = 5.0;
				TARGETED_DEVICE_FAMILY = "1,2";
			};
			name = Debug;
		};
		091E9CF3261B658500C99735 /* Release */ = {
			isa = XCBuildConfiguration;
			buildSettings = {
				ASSETCATALOG_COMPILER_APPICON_NAME = AppIcon;
				ASSETCATALOG_COMPILER_GLOBAL_ACCENT_COLOR_NAME = AccentColor;
				CODE_SIGN_STYLE = Automatic;
				DEVELOPMENT_ASSET_PATHS = "\"TheVeganMeals/Preview Content\"";
				DEVELOPMENT_TEAM = KT275Q2Y5T;
				ENABLE_PREVIEWS = YES;
				INFOPLIST_FILE = TheVeganMeals/Info.plist;
				IPHONEOS_DEPLOYMENT_TARGET = 14.0;
				LD_RUNPATH_SEARCH_PATHS = (
					"$(inherited)",
					"@executable_path/Frameworks",
				);
				PRODUCT_BUNDLE_IDENTIFIER = dev.kokikoding.TheVeganMeals;
				PRODUCT_NAME = "$(TARGET_NAME)";
				SWIFT_VERSION = 5.0;
				TARGETED_DEVICE_FAMILY = "1,2";
			};
			name = Release;
		};
/* End XCBuildConfiguration section */

/* Begin XCConfigurationList section */
		091E9CDD261B658100C99735 /* Build configuration list for PBXProject "TheVeganMeals" */ = {
			isa = XCConfigurationList;
			buildConfigurations = (
				091E9CEF261B658500C99735 /* Debug */,
				091E9CF0261B658500C99735 /* Release */,
			);
			defaultConfigurationIsVisible = 0;
			defaultConfigurationName = Release;
		};
		091E9CF1261B658500C99735 /* Build configuration list for PBXNativeTarget "TheVeganMeals" */ = {
			isa = XCConfigurationList;
			buildConfigurations = (
				091E9CF2261B658500C99735 /* Debug */,
				091E9CF3261B658500C99735 /* Release */,
			);
			defaultConfigurationIsVisible = 0;
			defaultConfigurationName = Release;
		};
/* End XCConfigurationList section */
	};
	rootObject = 091E9CDA261B658100C99735 /* Project object */;
}
