// !$*UTF8*$!
{
	archiveVersion = 1;
	classes = {
	};
	objectVersion = 51;
	objects = {

/* Begin PBXBuildFile section */
		091E9CE6261B658100C99735 /* TheVeganMealsApp.swift in Sources */ = {isa = PBXBuildFile; fileRef = 091E9CE5261B658100C99735 /* TheVeganMealsApp.swift */; };
		091E9CE8261B658100C99735 /* ContentView.swift in Sources */ = {isa = PBXBuildFile; fileRef = 091E9CE7261B658100C99735 /* ContentView.swift */; };
		091E9CEA261B658500C99735 /* Assets.xcassets in Resources */ = {isa = PBXBuildFile; fileRef = 091E9CE9261B658500C99735 /* Assets.xcassets */; };
		091E9CED261B658500C99735 /* Preview Assets.xcassets in Resources */ = {isa = PBXBuildFile; fileRef = 091E9CEC261B658500C99735 /* Preview Assets.xcassets */; };
		091E9CF8261B66E300C99735 /* .swiftlint.yml in Resources */ = {isa = PBXBuildFile; fileRef = 091E9CF7261B66E300C99735 /* .swiftlint.yml */; };
		091E9D24261B791C00C99735 /* HomeView.swift in Sources */ = {isa = PBXBuildFile; fileRef = 091E9D23261B791C00C99735 /* HomeView.swift */; };
		09A9AEBB26288873007BE26D /* HomePresenter.swift in Sources */ = {isa = PBXBuildFile; fileRef = 09A9AEBA26288873007BE26D /* HomePresenter.swift */; };
		09A9AEBE2628888D007BE26D /* HomeRouter.swift in Sources */ = {isa = PBXBuildFile; fileRef = 09A9AEBD2628888D007BE26D /* HomeRouter.swift */; };
		09A9AEC826288B00007BE26D /* HomeInteractor.swift in Sources */ = {isa = PBXBuildFile; fileRef = 09A9AEC726288B00007BE26D /* HomeInteractor.swift */; };
		09A9AECF26288C3B007BE26D /* MealItemModel.swift in Sources */ = {isa = PBXBuildFile; fileRef = 09A9AECE26288C3B007BE26D /* MealItemModel.swift */; };
		09A9AED4262891E9007BE26D /* ListItem.swift in Sources */ = {isa = PBXBuildFile; fileRef = 09A9AED3262891E9007BE26D /* ListItem.swift */; };
		09A9AED826289416007BE26D /* ActivityIndicator.swift in Sources */ = {isa = PBXBuildFile; fileRef = 09A9AED726289416007BE26D /* ActivityIndicator.swift */; };
		09A9AEDB262894A2007BE26D /* Injection.swift in Sources */ = {isa = PBXBuildFile; fileRef = 09A9AEDA262894A2007BE26D /* Injection.swift */; };
		09A9AEDF26289532007BE26D /* MealRepository.swift in Sources */ = {isa = PBXBuildFile; fileRef = 09A9AEDE26289532007BE26D /* MealRepository.swift */; };
		09A9AEE3262896AD007BE26D /* APICall.swift in Sources */ = {isa = PBXBuildFile; fileRef = 09A9AEE2262896AD007BE26D /* APICall.swift */; };
		09A9AEE72628972D007BE26D /* MealItemMapper.swift in Sources */ = {isa = PBXBuildFile; fileRef = 09A9AEE62628972D007BE26D /* MealItemMapper.swift */; };
		09A9AEEB26289818007BE26D /* MealsResponse.swift in Sources */ = {isa = PBXBuildFile; fileRef = 09A9AEEA26289818007BE26D /* MealsResponse.swift */; };
		09A9AEF0262898E7007BE26D /* CustomeError+Ext.swift in Sources */ = {isa = PBXBuildFile; fileRef = 09A9AEEF262898E7007BE26D /* CustomeError+Ext.swift */; };
		09A9AEFA26289B33007BE26D /* RemoteDataSource.swift in Sources */ = {isa = PBXBuildFile; fileRef = 09A9AEF926289B33007BE26D /* RemoteDataSource.swift */; };
		09A9AF0326289E65007BE26D /* DetailInteractor.swift in Sources */ = {isa = PBXBuildFile; fileRef = 09A9AF0226289E65007BE26D /* DetailInteractor.swift */; };
		09A9AF0D26289F41007BE26D /* DetailPresenter.swift in Sources */ = {isa = PBXBuildFile; fileRef = 09A9AF0C26289F41007BE26D /* DetailPresenter.swift */; };
		09A9AF1026289F4E007BE26D /* DetailView.swift in Sources */ = {isa = PBXBuildFile; fileRef = 09A9AF0F26289F4E007BE26D /* DetailView.swift */; };
		09A9AF372628C995007BE26D /* TabBar.swift in Sources */ = {isa = PBXBuildFile; fileRef = 09A9AF362628C995007BE26D /* TabBar.swift */; };
		D9D6560510036EB760BE5E51 /* Pods_TheVeganMeals.framework in Frameworks */ = {isa = PBXBuildFile; fileRef = 111ADDC04DEE3E05D8EA79D9 /* Pods_TheVeganMeals.framework */; };
/* End PBXBuildFile section */

/* Begin PBXFileReference section */
		091E9CE2261B658100C99735 /* The Vegan Meals.app */ = {isa = PBXFileReference; explicitFileType = wrapper.application; includeInIndex = 0; path = "The Vegan Meals.app"; sourceTree = BUILT_PRODUCTS_DIR; };
		091E9CE5261B658100C99735 /* TheVeganMealsApp.swift */ = {isa = PBXFileReference; lastKnownFileType = sourcecode.swift; path = TheVeganMealsApp.swift; sourceTree = "<group>"; };
		091E9CE7261B658100C99735 /* ContentView.swift */ = {isa = PBXFileReference; lastKnownFileType = sourcecode.swift; path = ContentView.swift; sourceTree = "<group>"; };
		091E9CE9261B658500C99735 /* Assets.xcassets */ = {isa = PBXFileReference; lastKnownFileType = folder.assetcatalog; path = Assets.xcassets; sourceTree = "<group>"; };
		091E9CEC261B658500C99735 /* Preview Assets.xcassets */ = {isa = PBXFileReference; lastKnownFileType = folder.assetcatalog; path = "Preview Assets.xcassets"; sourceTree = "<group>"; };
		091E9CEE261B658500C99735 /* Info.plist */ = {isa = PBXFileReference; lastKnownFileType = text.plist.xml; path = Info.plist; sourceTree = "<group>"; };
		091E9CF7261B66E300C99735 /* .swiftlint.yml */ = {isa = PBXFileReference; lastKnownFileType = text.yaml; path = .swiftlint.yml; sourceTree = "<group>"; };
		091E9D23261B791C00C99735 /* HomeView.swift */ = {isa = PBXFileReference; lastKnownFileType = sourcecode.swift; path = HomeView.swift; sourceTree = "<group>"; };
		09A9AEBA26288873007BE26D /* HomePresenter.swift */ = {isa = PBXFileReference; lastKnownFileType = sourcecode.swift; path = HomePresenter.swift; sourceTree = "<group>"; };
		09A9AEBD2628888D007BE26D /* HomeRouter.swift */ = {isa = PBXFileReference; lastKnownFileType = sourcecode.swift; path = HomeRouter.swift; sourceTree = "<group>"; };
		09A9AEC726288B00007BE26D /* HomeInteractor.swift */ = {isa = PBXFileReference; lastKnownFileType = sourcecode.swift; path = "Home\U0010Interactor.swift"; sourceTree = "<group>"; };
		09A9AECE26288C3B007BE26D /* MealItemModel.swift */ = {isa = PBXFileReference; lastKnownFileType = sourcecode.swift; path = MealItemModel.swift; sourceTree = "<group>"; };
		09A9AED3262891E9007BE26D /* ListItem.swift */ = {isa = PBXFileReference; lastKnownFileType = sourcecode.swift; path = ListItem.swift; sourceTree = "<group>"; };
		09A9AED726289416007BE26D /* ActivityIndicator.swift */ = {isa = PBXFileReference; lastKnownFileType = sourcecode.swift; path = ActivityIndicator.swift; sourceTree = "<group>"; };
		09A9AEDA262894A2007BE26D /* Injection.swift */ = {isa = PBXFileReference; lastKnownFileType = sourcecode.swift; path = Injection.swift; sourceTree = "<group>"; };
		09A9AEDE26289532007BE26D /* MealRepository.swift */ = {isa = PBXFileReference; lastKnownFileType = sourcecode.swift; path = MealRepository.swift; sourceTree = "<group>"; };
		09A9AEE2262896AD007BE26D /* APICall.swift */ = {isa = PBXFileReference; lastKnownFileType = sourcecode.swift; path = APICall.swift; sourceTree = "<group>"; };
		09A9AEE62628972D007BE26D /* MealItemMapper.swift */ = {isa = PBXFileReference; lastKnownFileType = sourcecode.swift; path = MealItemMapper.swift; sourceTree = "<group>"; };
		09A9AEEA26289818007BE26D /* MealsResponse.swift */ = {isa = PBXFileReference; lastKnownFileType = sourcecode.swift; path = MealsResponse.swift; sourceTree = "<group>"; };
		09A9AEEF262898E7007BE26D /* CustomeError+Ext.swift */ = {isa = PBXFileReference; lastKnownFileType = sourcecode.swift; path = "CustomeError+Ext.swift"; sourceTree = "<group>"; };
		09A9AEF926289B33007BE26D /* RemoteDataSource.swift */ = {isa = PBXFileReference; lastKnownFileType = sourcecode.swift; path = RemoteDataSource.swift; sourceTree = "<group>"; };
		09A9AF0226289E65007BE26D /* DetailInteractor.swift */ = {isa = PBXFileReference; lastKnownFileType = sourcecode.swift; path = DetailInteractor.swift; sourceTree = "<group>"; };
		09A9AF0C26289F41007BE26D /* DetailPresenter.swift */ = {isa = PBXFileReference; lastKnownFileType = sourcecode.swift; path = DetailPresenter.swift; sourceTree = "<group>"; };
		09A9AF0F26289F4E007BE26D /* DetailView.swift */ = {isa = PBXFileReference; lastKnownFileType = sourcecode.swift; path = DetailView.swift; sourceTree = "<group>"; };
		09A9AF362628C995007BE26D /* TabBar.swift */ = {isa = PBXFileReference; lastKnownFileType = sourcecode.swift; path = TabBar.swift; sourceTree = "<group>"; };
		0D5DE08169971F8655174B2E /* Pods-TheVeganMeals.debug.xcconfig */ = {isa = PBXFileReference; includeInIndex = 1; lastKnownFileType = text.xcconfig; name = "Pods-TheVeganMeals.debug.xcconfig"; path = "Target Support Files/Pods-TheVeganMeals/Pods-TheVeganMeals.debug.xcconfig"; sourceTree = "<group>"; };
		111ADDC04DEE3E05D8EA79D9 /* Pods_TheVeganMeals.framework */ = {isa = PBXFileReference; explicitFileType = wrapper.framework; includeInIndex = 0; path = Pods_TheVeganMeals.framework; sourceTree = BUILT_PRODUCTS_DIR; };
		4B8027F19DB47CF560570B3B /* Pods-TheVeganMeals.release.xcconfig */ = {isa = PBXFileReference; includeInIndex = 1; lastKnownFileType = text.xcconfig; name = "Pods-TheVeganMeals.release.xcconfig"; path = "Target Support Files/Pods-TheVeganMeals/Pods-TheVeganMeals.release.xcconfig"; sourceTree = "<group>"; };
/* End PBXFileReference section */

/* Begin PBXFrameworksBuildPhase section */
		091E9CDF261B658100C99735 /* Frameworks */ = {
			isa = PBXFrameworksBuildPhase;
			buildActionMask = 2147483647;
			files = (
				D9D6560510036EB760BE5E51 /* Pods_TheVeganMeals.framework in Frameworks */,
			);
			runOnlyForDeploymentPostprocessing = 0;
		};
/* End PBXFrameworksBuildPhase section */

/* Begin PBXGroup section */
		091E9CD9261B658100C99735 = {
			isa = PBXGroup;
			children = (
				091E9CF7261B66E300C99735 /* .swiftlint.yml */,
				091E9CE4261B658100C99735 /* TheVeganMeals */,
				091E9CE3261B658100C99735 /* Products */,
				7145544B26B6E49C6A0540F3 /* Pods */,
				573C0016ED43F001AB03637E /* Frameworks */,
			);
			sourceTree = "<group>";
		};
		091E9CE3261B658100C99735 /* Products */ = {
			isa = PBXGroup;
			children = (
				091E9CE2261B658100C99735 /* The Vegan Meals.app */,
			);
			name = Products;
			sourceTree = "<group>";
		};
		091E9CE4261B658100C99735 /* TheVeganMeals */ = {
			isa = PBXGroup;
			children = (
				091E9CFB261B679400C99735 /* App */,
				091E9CFD261B69CB00C99735 /* Core */,
				091E9CFE261B69D800C99735 /* Module */,
				091E9CEB261B658500C99735 /* Preview Content */,
				091E9CFC261B67E600C99735 /* Supporting Files */,
			);
			path = TheVeganMeals;
			sourceTree = "<group>";
		};
		091E9CEB261B658500C99735 /* Preview Content */ = {
			isa = PBXGroup;
			children = (
				091E9CEC261B658500C99735 /* Preview Assets.xcassets */,
			);
			path = "Preview Content";
			sourceTree = "<group>";
		};
		091E9CFB261B679400C99735 /* App */ = {
			isa = PBXGroup;
			children = (
				091E9CE5261B658100C99735 /* TheVeganMealsApp.swift */,
				091E9CE7261B658100C99735 /* ContentView.swift */,
			);
			path = App;
			sourceTree = "<group>";
		};
		091E9CFC261B67E600C99735 /* Supporting Files */ = {
			isa = PBXGroup;
			children = (
				091E9CE9261B658500C99735 /* Assets.xcassets */,
				091E9CEE261B658500C99735 /* Info.plist */,
			);
			path = "Supporting Files";
			sourceTree = "<group>";
		};
		091E9CFD261B69CB00C99735 /* Core */ = {
			isa = PBXGroup;
			children = (
				091E9D02261B6A2A00C99735 /* Utils */,
				091E9D01261B6A2000C99735 /* Domain */,
				091E9D00261B6A1700C99735 /* DI */,
				091E9CFF261B6A0E00C99735 /* Data */,
			);
			path = Core;
			sourceTree = "<group>";
		};
		091E9CFE261B69D800C99735 /* Module */ = {
			isa = PBXGroup;
			children = (
				09A9AF0B26289F2F007BE26D /* Detail */,
				091E9D20261B790100C99735 /* Home */,
				09A9AF362628C995007BE26D /* TabBar.swift */,
			);
			path = Module;
			sourceTree = "<group>";
		};
		091E9CFF261B6A0E00C99735 /* Data */ = {
			isa = PBXGroup;
			children = (
				09A9AEDD2628951B007BE26D /* Remote */,
				09A9AEDE26289532007BE26D /* MealRepository.swift */,
			);
			path = Data;
			sourceTree = "<group>";
		};
		091E9D00261B6A1700C99735 /* DI */ = {
			isa = PBXGroup;
			children = (
				09A9AEDA262894A2007BE26D /* Injection.swift */,
			);
			path = DI;
			sourceTree = "<group>";
		};
		091E9D01261B6A2000C99735 /* Domain */ = {
			isa = PBXGroup;
			children = (
				09A9AEC626288AE5007BE26D /* UseCase */,
				09A9AEC0262889B1007BE26D /* Model */,
			);
			path = Domain;
			sourceTree = "<group>";
		};
		091E9D02261B6A2A00C99735 /* Utils */ = {
			isa = PBXGroup;
			children = (
				09A9AEED262898C2007BE26D /* Extensions */,
				09A9AEE52628970A007BE26D /* Mapper */,
				09A9AEE12628969E007BE26D /* Network */,
				09A9AED626289404007BE26D /* View */,
			);
			path = Utils;
			sourceTree = "<group>";
		};
		091E9D20261B790100C99735 /* Home */ = {
			isa = PBXGroup;
			children = (
				091E9D23261B791C00C99735 /* HomeView.swift */,
				09A9AEBA26288873007BE26D /* HomePresenter.swift */,
				09A9AEBD2628888D007BE26D /* HomeRouter.swift */,
				09A9AED3262891E9007BE26D /* ListItem.swift */,
			);
			path = Home;
			sourceTree = "<group>";
		};
		09A9AEC0262889B1007BE26D /* Model */ = {
			isa = PBXGroup;
			children = (
				09A9AECE26288C3B007BE26D /* MealItemModel.swift */,
			);
			path = Model;
			sourceTree = "<group>";
		};
		09A9AEC626288AE5007BE26D /* UseCase */ = {
			isa = PBXGroup;
			children = (
				09A9AEC726288B00007BE26D /* HomeInteractor.swift */,
				09A9AF0226289E65007BE26D /* DetailInteractor.swift */,
			);
			path = UseCase;
			sourceTree = "<group>";
		};
		09A9AED626289404007BE26D /* View */ = {
			isa = PBXGroup;
			children = (
				09A9AED726289416007BE26D /* ActivityIndicator.swift */,
			);
			path = View;
			sourceTree = "<group>";
		};
		09A9AEDD2628951B007BE26D /* Remote */ = {
			isa = PBXGroup;
			children = (
				09A9AEE9262897E2007BE26D /* Response */,
				09A9AEF926289B33007BE26D /* RemoteDataSource.swift */,
			);
			path = Remote;
			sourceTree = "<group>";
		};
		09A9AEE12628969E007BE26D /* Network */ = {
			isa = PBXGroup;
			children = (
				09A9AEE2262896AD007BE26D /* APICall.swift */,
			);
			path = Network;
			sourceTree = "<group>";
		};
		09A9AEE52628970A007BE26D /* Mapper */ = {
			isa = PBXGroup;
			children = (
				09A9AEE62628972D007BE26D /* MealItemMapper.swift */,
			);
			path = Mapper;
			sourceTree = "<group>";
		};
		09A9AEE9262897E2007BE26D /* Response */ = {
			isa = PBXGroup;
			children = (
				09A9AEEA26289818007BE26D /* MealsResponse.swift */,
			);
			path = Response;
			sourceTree = "<group>";
		};
		09A9AEED262898C2007BE26D /* Extensions */ = {
			isa = PBXGroup;
			children = (
				09A9AEEF262898E7007BE26D /* CustomeError+Ext.swift */,
			);
			path = Extensions;
			sourceTree = "<group>";
		};
		09A9AF0B26289F2F007BE26D /* Detail */ = {
			isa = PBXGroup;
			children = (
				09A9AF0C26289F41007BE26D /* DetailPresenter.swift */,
				09A9AF0F26289F4E007BE26D /* DetailView.swift */,
			);
			path = Detail;
			sourceTree = "<group>";
		};
		573C0016ED43F001AB03637E /* Frameworks */ = {
			isa = PBXGroup;
			children = (
				111ADDC04DEE3E05D8EA79D9 /* Pods_TheVeganMeals.framework */,
			);
			name = Frameworks;
			sourceTree = "<group>";
		};
		7145544B26B6E49C6A0540F3 /* Pods */ = {
			isa = PBXGroup;
			children = (
				0D5DE08169971F8655174B2E /* Pods-TheVeganMeals.debug.xcconfig */,
				4B8027F19DB47CF560570B3B /* Pods-TheVeganMeals.release.xcconfig */,
			);
			path = Pods;
			sourceTree = "<group>";
		};
/* End PBXGroup section */

/* Begin PBXNativeTarget section */
		091E9CE1261B658100C99735 /* TheVeganMeals */ = {
			isa = PBXNativeTarget;
			buildConfigurationList = 091E9CF1261B658500C99735 /* Build configuration list for PBXNativeTarget "TheVeganMeals" */;
			buildPhases = (
				9995D8E55A8BFF8D76516397 /* [CP] Check Pods Manifest.lock */,
				091E9CDE261B658100C99735 /* Sources */,
				091E9CDF261B658100C99735 /* Frameworks */,
				091E9CE0261B658100C99735 /* Resources */,
				091E9CF5261B666600C99735 /* ShellScript */,
				B7F9CEC4D1044F380744AAAF /* [CP] Embed Pods Frameworks */,
			);
			buildRules = (
			);
			dependencies = (
			);
			name = TheVeganMeals;
			productName = TheVeganMeals;
			productReference = 091E9CE2261B658100C99735 /* The Vegan Meals.app */;
			productType = "com.apple.product-type.application";
		};
/* End PBXNativeTarget section */

/* Begin PBXProject section */
		091E9CDA261B658100C99735 /* Project object */ = {
			isa = PBXProject;
			attributes = {
				LastSwiftUpdateCheck = 1240;
				LastUpgradeCheck = 1240;
				TargetAttributes = {
					091E9CE1261B658100C99735 = {
						CreatedOnToolsVersion = 12.4;
					};
				};
			};
			buildConfigurationList = 091E9CDD261B658100C99735 /* Build configuration list for PBXProject "TheVeganMeals" */;
			compatibilityVersion = "Xcode 9.3";
			developmentRegion = en;
			hasScannedForEncodings = 0;
			knownRegions = (
				en,
				Base,
			);
			mainGroup = 091E9CD9261B658100C99735;
			productRefGroup = 091E9CE3261B658100C99735 /* Products */;
			projectDirPath = "";
			projectRoot = "";
			targets = (
				091E9CE1261B658100C99735 /* TheVeganMeals */,
			);
		};
/* End PBXProject section */

/* Begin PBXResourcesBuildPhase section */
		091E9CE0261B658100C99735 /* Resources */ = {
			isa = PBXResourcesBuildPhase;
			buildActionMask = 2147483647;
			files = (
				091E9CF8261B66E300C99735 /* .swiftlint.yml in Resources */,
				091E9CED261B658500C99735 /* Preview Assets.xcassets in Resources */,
				091E9CEA261B658500C99735 /* Assets.xcassets in Resources */,
			);
			runOnlyForDeploymentPostprocessing = 0;
		};
/* End PBXResourcesBuildPhase section */

/* Begin PBXShellScriptBuildPhase section */
		091E9CF5261B666600C99735 /* ShellScript */ = {
			isa = PBXShellScriptBuildPhase;
			buildActionMask = 2147483647;
			files = (
			);
			inputFileListPaths = (
			);
			inputPaths = (
			);
			outputFileListPaths = (
			);
			outputPaths = (
			);
			runOnlyForDeploymentPostprocessing = 0;
			shellPath = /bin/sh;
			shellScript = "# Type a script or drag a script file from your workspace to insert its path.\nif which \"${PODS_ROOT}/SwiftLint/swiftlint\" >/dev/null; then\n    ${PODS_ROOT}/SwiftLint/swiftlint autocorrect && ${PODS_ROOT}/SwiftLint/swiftlint\nelse\n    echo \"warning: SwiftLint not installed, download from https://github.com/realm/SwiftLint\"\nfi\n";
		};
		9995D8E55A8BFF8D76516397 /* [CP] Check Pods Manifest.lock */ = {
			isa = PBXShellScriptBuildPhase;
			buildActionMask = 2147483647;
			files = (
			);
			inputFileListPaths = (
			);
			inputPaths = (
				"${PODS_PODFILE_DIR_PATH}/Podfile.lock",
				"${PODS_ROOT}/Manifest.lock",
			);
			name = "[CP] Check Pods Manifest.lock";
			outputFileListPaths = (
			);
			outputPaths = (
				"$(DERIVED_FILE_DIR)/Pods-TheVeganMeals-checkManifestLockResult.txt",
			);
			runOnlyForDeploymentPostprocessing = 0;
			shellPath = /bin/sh;
			shellScript = "diff \"${PODS_PODFILE_DIR_PATH}/Podfile.lock\" \"${PODS_ROOT}/Manifest.lock\" > /dev/null\nif [ $? != 0 ] ; then\n    # print error to STDERR\n    echo \"error: The sandbox is not in sync with the Podfile.lock. Run 'pod install' or update your CocoaPods installation.\" >&2\n    exit 1\nfi\n# This output is used by Xcode 'outputs' to avoid re-running this script phase.\necho \"SUCCESS\" > \"${SCRIPT_OUTPUT_FILE_0}\"\n";
			showEnvVarsInLog = 0;
		};
		B7F9CEC4D1044F380744AAAF /* [CP] Embed Pods Frameworks */ = {
			isa = PBXShellScriptBuildPhase;
			buildActionMask = 2147483647;
			files = (
			);
			inputFileListPaths = (
				"${PODS_ROOT}/Target Support Files/Pods-TheVeganMeals/Pods-TheVeganMeals-frameworks-${CONFIGURATION}-input-files.xcfilelist",
			);
			name = "[CP] Embed Pods Frameworks";
			outputFileListPaths = (
				"${PODS_ROOT}/Target Support Files/Pods-TheVeganMeals/Pods-TheVeganMeals-frameworks-${CONFIGURATION}-output-files.xcfilelist",
			);
			runOnlyForDeploymentPostprocessing = 0;
			shellPath = /bin/sh;
			shellScript = "\"${PODS_ROOT}/Target Support Files/Pods-TheVeganMeals/Pods-TheVeganMeals-frameworks.sh\"\n";
			showEnvVarsInLog = 0;
		};
/* End PBXShellScriptBuildPhase section */

/* Begin PBXSourcesBuildPhase section */
		091E9CDE261B658100C99735 /* Sources */ = {
			isa = PBXSourcesBuildPhase;
			buildActionMask = 2147483647;
			files = (
				091E9CE8261B658100C99735 /* ContentView.swift in Sources */,
				091E9CE6261B658100C99735 /* TheVeganMealsApp.swift in Sources */,
				09A9AEE3262896AD007BE26D /* APICall.swift in Sources */,
				091E9D24261B791C00C99735 /* HomeView.swift in Sources */,
				09A9AEF0262898E7007BE26D /* CustomeError+Ext.swift in Sources */,
				09A9AECF26288C3B007BE26D /* MealItemModel.swift in Sources */,
				09A9AEDF26289532007BE26D /* MealRepository.swift in Sources */,
				09A9AED4262891E9007BE26D /* ListItem.swift in Sources */,
				09A9AEFA26289B33007BE26D /* RemoteDataSource.swift in Sources */,
				09A9AEDB262894A2007BE26D /* Injection.swift in Sources */,
				09A9AEE72628972D007BE26D /* MealItemMapper.swift in Sources */,
				09A9AF0D26289F41007BE26D /* DetailPresenter.swift in Sources */,
				09A9AEBB26288873007BE26D /* HomePresenter.swift in Sources */,
				09A9AEBE2628888D007BE26D /* HomeRouter.swift in Sources */,
				09A9AF0326289E65007BE26D /* DetailInteractor.swift in Sources */,
				09A9AED826289416007BE26D /* ActivityIndicator.swift in Sources */,
				09A9AF1026289F4E007BE26D /* DetailView.swift in Sources */,
				09A9AEC826288B00007BE26D /* HomeInteractor.swift in Sources */,
				09A9AEEB26289818007BE26D /* MealsResponse.swift in Sources */,
				09A9AF372628C995007BE26D /* TabBar.swift in Sources */,
			);
			runOnlyForDeploymentPostprocessing = 0;
		};
/* End PBXSourcesBuildPhase section */

/* Begin XCBuildConfiguration section */
		091E9CEF261B658500C99735 /* Debug */ = {
			isa = XCBuildConfiguration;
			buildSettings = {
				ALWAYS_SEARCH_USER_PATHS = NO;
				CLANG_ANALYZER_NONNULL = YES;
				CLANG_ANALYZER_NUMBER_OBJECT_CONVERSION = YES_AGGRESSIVE;
				CLANG_CXX_LANGUAGE_STANDARD = "gnu++14";
				CLANG_CXX_LIBRARY = "libc++";
				CLANG_ENABLE_MODULES = YES;
				CLANG_ENABLE_OBJC_ARC = YES;
				CLANG_ENABLE_OBJC_WEAK = YES;
				CLANG_WARN_BLOCK_CAPTURE_AUTORELEASING = YES;
				CLANG_WARN_BOOL_CONVERSION = YES;
				CLANG_WARN_COMMA = YES;
				CLANG_WARN_CONSTANT_CONVERSION = YES;
				CLANG_WARN_DEPRECATED_OBJC_IMPLEMENTATIONS = YES;
				CLANG_WARN_DIRECT_OBJC_ISA_USAGE = YES_ERROR;
				CLANG_WARN_DOCUMENTATION_COMMENTS = YES;
				CLANG_WARN_EMPTY_BODY = YES;
				CLANG_WARN_ENUM_CONVERSION = YES;
				CLANG_WARN_INFINITE_RECURSION = YES;
				CLANG_WARN_INT_CONVERSION = YES;
				CLANG_WARN_NON_LITERAL_NULL_CONVERSION = YES;
				CLANG_WARN_OBJC_IMPLICIT_RETAIN_SELF = YES;
				CLANG_WARN_OBJC_LITERAL_CONVERSION = YES;
				CLANG_WARN_OBJC_ROOT_CLASS = YES_ERROR;
				CLANG_WARN_QUOTED_INCLUDE_IN_FRAMEWORK_HEADER = YES;
				CLANG_WARN_RANGE_LOOP_ANALYSIS = YES;
				CLANG_WARN_STRICT_PROTOTYPES = YES;
				CLANG_WARN_SUSPICIOUS_MOVE = YES;
				CLANG_WARN_UNGUARDED_AVAILABILITY = YES_AGGRESSIVE;
				CLANG_WARN_UNREACHABLE_CODE = YES;
				CLANG_WARN__DUPLICATE_METHOD_MATCH = YES;
				COPY_PHASE_STRIP = NO;
				DEBUG_INFORMATION_FORMAT = dwarf;
				ENABLE_STRICT_OBJC_MSGSEND = YES;
				ENABLE_TESTABILITY = YES;
				GCC_C_LANGUAGE_STANDARD = gnu11;
				GCC_DYNAMIC_NO_PIC = NO;
				GCC_NO_COMMON_BLOCKS = YES;
				GCC_OPTIMIZATION_LEVEL = 0;
				GCC_PREPROCESSOR_DEFINITIONS = (
					"DEBUG=1",
					"$(inherited)",
				);
				GCC_WARN_64_TO_32_BIT_CONVERSION = YES;
				GCC_WARN_ABOUT_RETURN_TYPE = YES_ERROR;
				GCC_WARN_UNDECLARED_SELECTOR = YES;
				GCC_WARN_UNINITIALIZED_AUTOS = YES_AGGRESSIVE;
				GCC_WARN_UNUSED_FUNCTION = YES;
				GCC_WARN_UNUSED_VARIABLE = YES;
				IPHONEOS_DEPLOYMENT_TARGET = 14.4;
				MTL_ENABLE_DEBUG_INFO = INCLUDE_SOURCE;
				MTL_FAST_MATH = YES;
				ONLY_ACTIVE_ARCH = YES;
				SDKROOT = iphoneos;
				SWIFT_ACTIVE_COMPILATION_CONDITIONS = DEBUG;
				SWIFT_OPTIMIZATION_LEVEL = "-Onone";
			};
			name = Debug;
		};
		091E9CF0261B658500C99735 /* Release */ = {
			isa = XCBuildConfiguration;
			buildSettings = {
				ALWAYS_SEARCH_USER_PATHS = NO;
				CLANG_ANALYZER_NONNULL = YES;
				CLANG_ANALYZER_NUMBER_OBJECT_CONVERSION = YES_AGGRESSIVE;
				CLANG_CXX_LANGUAGE_STANDARD = "gnu++14";
				CLANG_CXX_LIBRARY = "libc++";
				CLANG_ENABLE_MODULES = YES;
				CLANG_ENABLE_OBJC_ARC = YES;
				CLANG_ENABLE_OBJC_WEAK = YES;
				CLANG_WARN_BLOCK_CAPTURE_AUTORELEASING = YES;
				CLANG_WARN_BOOL_CONVERSION = YES;
				CLANG_WARN_COMMA = YES;
				CLANG_WARN_CONSTANT_CONVERSION = YES;
				CLANG_WARN_DEPRECATED_OBJC_IMPLEMENTATIONS = YES;
				CLANG_WARN_DIRECT_OBJC_ISA_USAGE = YES_ERROR;
				CLANG_WARN_DOCUMENTATION_COMMENTS = YES;
				CLANG_WARN_EMPTY_BODY = YES;
				CLANG_WARN_ENUM_CONVERSION = YES;
				CLANG_WARN_INFINITE_RECURSION = YES;
				CLANG_WARN_INT_CONVERSION = YES;
				CLANG_WARN_NON_LITERAL_NULL_CONVERSION = YES;
				CLANG_WARN_OBJC_IMPLICIT_RETAIN_SELF = YES;
				CLANG_WARN_OBJC_LITERAL_CONVERSION = YES;
				CLANG_WARN_OBJC_ROOT_CLASS = YES_ERROR;
				CLANG_WARN_QUOTED_INCLUDE_IN_FRAMEWORK_HEADER = YES;
				CLANG_WARN_RANGE_LOOP_ANALYSIS = YES;
				CLANG_WARN_STRICT_PROTOTYPES = YES;
				CLANG_WARN_SUSPICIOUS_MOVE = YES;
				CLANG_WARN_UNGUARDED_AVAILABILITY = YES_AGGRESSIVE;
				CLANG_WARN_UNREACHABLE_CODE = YES;
				CLANG_WARN__DUPLICATE_METHOD_MATCH = YES;
				COPY_PHASE_STRIP = NO;
				DEBUG_INFORMATION_FORMAT = "dwarf-with-dsym";
				ENABLE_NS_ASSERTIONS = NO;
				ENABLE_STRICT_OBJC_MSGSEND = YES;
				GCC_C_LANGUAGE_STANDARD = gnu11;
				GCC_NO_COMMON_BLOCKS = YES;
				GCC_WARN_64_TO_32_BIT_CONVERSION = YES;
				GCC_WARN_ABOUT_RETURN_TYPE = YES_ERROR;
				GCC_WARN_UNDECLARED_SELECTOR = YES;
				GCC_WARN_UNINITIALIZED_AUTOS = YES_AGGRESSIVE;
				GCC_WARN_UNUSED_FUNCTION = YES;
				GCC_WARN_UNUSED_VARIABLE = YES;
				IPHONEOS_DEPLOYMENT_TARGET = 14.4;
				MTL_ENABLE_DEBUG_INFO = NO;
				MTL_FAST_MATH = YES;
				SDKROOT = iphoneos;
				SWIFT_COMPILATION_MODE = wholemodule;
				SWIFT_OPTIMIZATION_LEVEL = "-O";
				VALIDATE_PRODUCT = YES;
			};
			name = Release;
		};
		091E9CF2261B658500C99735 /* Debug */ = {
			isa = XCBuildConfiguration;
			baseConfigurationReference = 0D5DE08169971F8655174B2E /* Pods-TheVeganMeals.debug.xcconfig */;
			buildSettings = {
				ASSETCATALOG_COMPILER_APPICON_NAME = AppIcon;
				ASSETCATALOG_COMPILER_GLOBAL_ACCENT_COLOR_NAME = AccentColor;
				CODE_SIGN_STYLE = Automatic;
				DEVELOPMENT_ASSET_PATHS = "\"TheVeganMeals/Preview Content\"";
				DEVELOPMENT_TEAM = KT275Q2Y5T;
				ENABLE_PREVIEWS = YES;
				EXCLUDED_ARCHS = "";
				INFOPLIST_FILE = "TheVeganMeals/Supporting Files/Info.plist";
				IPHONEOS_DEPLOYMENT_TARGET = 14.0;
				LD_RUNPATH_SEARCH_PATHS = (
					"$(inherited)",
					"@executable_path/Frameworks",
				);
				PRODUCT_BUNDLE_IDENTIFIER = dev.kokikoding.TheVeganMeals;
				PRODUCT_NAME = "The Vegan Meals";
				SWIFT_VERSION = 5.0;
				TARGETED_DEVICE_FAMILY = 1;
			};
			name = Debug;
		};
		091E9CF3261B658500C99735 /* Release */ = {
			isa = XCBuildConfiguration;
			baseConfigurationReference = 4B8027F19DB47CF560570B3B /* Pods-TheVeganMeals.release.xcconfig */;
			buildSettings = {
				ASSETCATALOG_COMPILER_APPICON_NAME = AppIcon;
				ASSETCATALOG_COMPILER_GLOBAL_ACCENT_COLOR_NAME = AccentColor;
				CODE_SIGN_STYLE = Automatic;
				DEVELOPMENT_ASSET_PATHS = "\"TheVeganMeals/Preview Content\"";
				DEVELOPMENT_TEAM = KT275Q2Y5T;
				ENABLE_PREVIEWS = YES;
				EXCLUDED_ARCHS = "";
				INFOPLIST_FILE = "TheVeganMeals/Supporting Files/Info.plist";
				IPHONEOS_DEPLOYMENT_TARGET = 14.0;
				LD_RUNPATH_SEARCH_PATHS = (
					"$(inherited)",
					"@executable_path/Frameworks",
				);
				PRODUCT_BUNDLE_IDENTIFIER = dev.kokikoding.TheVeganMeals;
				PRODUCT_NAME = "The Vegan Meals";
				SWIFT_VERSION = 5.0;
				TARGETED_DEVICE_FAMILY = 1;
			};
			name = Release;
		};
/* End XCBuildConfiguration section */

/* Begin XCConfigurationList section */
		091E9CDD261B658100C99735 /* Build configuration list for PBXProject "TheVeganMeals" */ = {
			isa = XCConfigurationList;
			buildConfigurations = (
				091E9CEF261B658500C99735 /* Debug */,
				091E9CF0261B658500C99735 /* Release */,
			);
			defaultConfigurationIsVisible = 0;
			defaultConfigurationName = Release;
		};
		091E9CF1261B658500C99735 /* Build configuration list for PBXNativeTarget "TheVeganMeals" */ = {
			isa = XCConfigurationList;
			buildConfigurations = (
				091E9CF2261B658500C99735 /* Debug */,
				091E9CF3261B658500C99735 /* Release */,
			);
			defaultConfigurationIsVisible = 0;
			defaultConfigurationName = Release;
		};
/* End XCConfigurationList section */
	};
	rootObject = 091E9CDA261B658100C99735 /* Project object */;
}
